
Microsoft Visual Studio Solution File, Format Version 12.00
# Visual Studio Version 17
VisualStudioVersion = 17.14.36401.2
MinimumVisualStudioVersion = 10.0.40219.1
Project("{FAE04EC0-301F-11D3-BF4B-00C04F79EFBC}") = "Business_Logic", "Business Logic\Business_Logic.csproj", "{4AD31E72-D8A4-4C5F-BB7B-C53D1B6B0BBE}"
EndProject
Project("{FAE04EC0-301F-11D3-BF4B-00C04F79EFBC}") = "DataAccess", "DataAccess\DataAccess.csproj", "{E1855D62-6FA7-4AA9-A479-C776ADE93B95}"
EndProject
Project("{FAE04EC0-301F-11D3-BF4B-00C04F79EFBC}") = "PresentationLayer", "PresentationLayer\PresentationLayer.csproj", "{ADCD2726-FC4D-4134-86F9-8FBB681261A7}"
EndProject
Global
	GlobalSection(SolutionConfigurationPlatforms) = preSolution
		Debug|Any CPU = Debug|Any CPU
		Release|Any CPU = Release|Any CPU
	EndGlobalSection
	GlobalSection(ProjectConfigurationPlatforms) = postSolution
		{4AD31E72-D8A4-4C5F-BB7B-C53D1B6B0BBE}.Debug|Any CPU.ActiveCfg = Debug|Any CPU
		{4AD31E72-D8A4-4C5F-BB7B-C53D1B6B0BBE}.Debug|Any CPU.Build.0 = Debug|Any CPU
		{4AD31E72-D8A4-4C5F-BB7B-C53D1B6B0BBE}.Release|Any CPU.ActiveCfg = Release|Any CPU
		{4AD31E72-D8A4-4C5F-BB7B-C53D1B6B0BBE}.Release|Any CPU.Build.0 = Release|Any CPU
		{E1855D62-6FA7-4AA9-A479-C776ADE93B95}.Debug|Any CPU.ActiveCfg = Debug|Any CPU
		{E1855D62-6FA7-4AA9-A479-C776ADE93B95}.Debug|Any CPU.Build.0 = Debug|Any CPU
		{E1855D62-6FA7-4AA9-A479-C776ADE93B95}.Release|Any CPU.ActiveCfg = Release|Any CPU
		{E1855D62-6FA7-4AA9-A479-C776ADE93B95}.Release|Any CPU.Build.0 = Release|Any CPU
		{ADCD2726-FC4D-4134-86F9-8FBB681261A7}.Debug|Any CPU.ActiveCfg = Debug|Any CPU
		{ADCD2726-FC4D-4134-86F9-8FBB681261A7}.Debug|Any CPU.Build.0 = Debug|Any CPU
		{ADCD2726-FC4D-4134-86F9-8FBB681261A7}.Release|Any CPU.ActiveCfg = Release|Any CPU
		{ADCD2726-FC4D-4134-86F9-8FBB681261A7}.Release|Any CPU.Build.0 = Release|Any CPU
	EndGlobalSection
	GlobalSection(SolutionProperties) = preSolution
		HideSolutionNode = FALSE
	EndGlobalSection
	GlobalSection(ExtensibilityGlobals) = postSolution
		SolutionGuid = {43223C9E-BAAE-4722-AD7B-355891611159}
	EndGlobalSection
EndGlobal
